
Microsoft Visual Studio Solution File, Format Version 12.00
# Visual Studio Version 16
VisualStudioVersion = 16.0.30114.105
MinimumVisualStudioVersion = 10.0.40219.1
Project("{FAE04EC0-301F-11D3-BF4B-00C04F79EFBC}") = "API", "API\API.csproj", "{5CBCAEB5-B9E3-433E-811B-3D7C11AEE461}"
EndProject
Project("{FAE04EC0-301F-11D3-BF4B-00C04F79EFBC}") = "Application", "Application\Application.csproj", "{3026288E-B6DF-4A41-985D-23442ECC1377}"
EndProject
Project("{FAE04EC0-301F-11D3-BF4B-00C04F79EFBC}") = "Persistence", "Persistence\Persistence.csproj", "{69222824-C134-4A76-8A04-BE0B6CDA3104}"
EndProject
Project("{FAE04EC0-301F-11D3-BF4B-00C04F79EFBC}") = "Domain", "Domain\Domain.csproj", "{F8063038-29F8-40E4-B0B4-A18D169D396E}"
EndProject
Global
	GlobalSection(SolutionConfigurationPlatforms) = preSolution
		Debug|Any CPU = Debug|Any CPU
		Debug|x64 = Debug|x64
		Debug|x86 = Debug|x86
		Release|Any CPU = Release|Any CPU
		Release|x64 = Release|x64
		Release|x86 = Release|x86
	EndGlobalSection
	GlobalSection(SolutionProperties) = preSolution
		HideSolutionNode = FALSE
	EndGlobalSection
	GlobalSection(ProjectConfigurationPlatforms) = postSolution
		{5CBCAEB5-B9E3-433E-811B-3D7C11AEE461}.Debug|Any CPU.ActiveCfg = Debug|Any CPU
		{5CBCAEB5-B9E3-433E-811B-3D7C11AEE461}.Debug|Any CPU.Build.0 = Debug|Any CPU
		{5CBCAEB5-B9E3-433E-811B-3D7C11AEE461}.Debug|x64.ActiveCfg = Debug|Any CPU
		{5CBCAEB5-B9E3-433E-811B-3D7C11AEE461}.Debug|x64.Build.0 = Debug|Any CPU
		{5CBCAEB5-B9E3-433E-811B-3D7C11AEE461}.Debug|x86.ActiveCfg = Debug|Any CPU
		{5CBCAEB5-B9E3-433E-811B-3D7C11AEE461}.Debug|x86.Build.0 = Debug|Any CPU
		{5CBCAEB5-B9E3-433E-811B-3D7C11AEE461}.Release|Any CPU.ActiveCfg = Release|Any CPU
		{5CBCAEB5-B9E3-433E-811B-3D7C11AEE461}.Release|Any CPU.Build.0 = Release|Any CPU
		{5CBCAEB5-B9E3-433E-811B-3D7C11AEE461}.Release|x64.ActiveCfg = Release|Any CPU
		{5CBCAEB5-B9E3-433E-811B-3D7C11AEE461}.Release|x64.Build.0 = Release|Any CPU
		{5CBCAEB5-B9E3-433E-811B-3D7C11AEE461}.Release|x86.ActiveCfg = Release|Any CPU
		{5CBCAEB5-B9E3-433E-811B-3D7C11AEE461}.Release|x86.Build.0 = Release|Any CPU
		{3026288E-B6DF-4A41-985D-23442ECC1377}.Debug|Any CPU.ActiveCfg = Debug|Any CPU
		{3026288E-B6DF-4A41-985D-23442ECC1377}.Debug|Any CPU.Build.0 = Debug|Any CPU
		{3026288E-B6DF-4A41-985D-23442ECC1377}.Debug|x64.ActiveCfg = Debug|Any CPU
		{3026288E-B6DF-4A41-985D-23442ECC1377}.Debug|x64.Build.0 = Debug|Any CPU
		{3026288E-B6DF-4A41-985D-23442ECC1377}.Debug|x86.ActiveCfg = Debug|Any CPU
		{3026288E-B6DF-4A41-985D-23442ECC1377}.Debug|x86.Build.0 = Debug|Any CPU
		{3026288E-B6DF-4A41-985D-23442ECC1377}.Release|Any CPU.ActiveCfg = Release|Any CPU
		{3026288E-B6DF-4A41-985D-23442ECC1377}.Release|Any CPU.Build.0 = Release|Any CPU
		{3026288E-B6DF-4A41-985D-23442ECC1377}.Release|x64.ActiveCfg = Release|Any CPU
		{3026288E-B6DF-4A41-985D-23442ECC1377}.Release|x64.Build.0 = Release|Any CPU
		{3026288E-B6DF-4A41-985D-23442ECC1377}.Release|x86.ActiveCfg = Release|Any CPU
		{3026288E-B6DF-4A41-985D-23442ECC1377}.Release|x86.Build.0 = Release|Any CPU
		{69222824-C134-4A76-8A04-BE0B6CDA3104}.Debug|Any CPU.ActiveCfg = Debug|Any CPU
		{69222824-C134-4A76-8A04-BE0B6CDA3104}.Debug|Any CPU.Build.0 = Debug|Any CPU
		{69222824-C134-4A76-8A04-BE0B6CDA3104}.Debug|x64.ActiveCfg = Debug|Any CPU
		{69222824-C134-4A76-8A04-BE0B6CDA3104}.Debug|x64.Build.0 = Debug|Any CPU
		{69222824-C134-4A76-8A04-BE0B6CDA3104}.Debug|x86.ActiveCfg = Debug|Any CPU
		{69222824-C134-4A76-8A04-BE0B6CDA3104}.Debug|x86.Build.0 = Debug|Any CPU
		{69222824-C134-4A76-8A04-BE0B6CDA3104}.Release|Any CPU.ActiveCfg = Release|Any CPU
		{69222824-C134-4A76-8A04-BE0B6CDA3104}.Release|Any CPU.Build.0 = Release|Any CPU
		{69222824-C134-4A76-8A04-BE0B6CDA3104}.Release|x64.ActiveCfg = Release|Any CPU
		{69222824-C134-4A76-8A04-BE0B6CDA3104}.Release|x64.Build.0 = Release|Any CPU
		{69222824-C134-4A76-8A04-BE0B6CDA3104}.Release|x86.ActiveCfg = Release|Any CPU
		{69222824-C134-4A76-8A04-BE0B6CDA3104}.Release|x86.Build.0 = Release|Any CPU
		{F8063038-29F8-40E4-B0B4-A18D169D396E}.Debug|Any CPU.ActiveCfg = Debug|Any CPU
		{F8063038-29F8-40E4-B0B4-A18D169D396E}.Debug|Any CPU.Build.0 = Debug|Any CPU
		{F8063038-29F8-40E4-B0B4-A18D169D396E}.Debug|x64.ActiveCfg = Debug|Any CPU
		{F8063038-29F8-40E4-B0B4-A18D169D396E}.Debug|x64.Build.0 = Debug|Any CPU
		{F8063038-29F8-40E4-B0B4-A18D169D396E}.Debug|x86.ActiveCfg = Debug|Any CPU
		{F8063038-29F8-40E4-B0B4-A18D169D396E}.Debug|x86.Build.0 = Debug|Any CPU
		{F8063038-29F8-40E4-B0B4-A18D169D396E}.Release|Any CPU.ActiveCfg = Release|Any CPU
		{F8063038-29F8-40E4-B0B4-A18D169D396E}.Release|Any CPU.Build.0 = Release|Any CPU
		{F8063038-29F8-40E4-B0B4-A18D169D396E}.Release|x64.ActiveCfg = Release|Any CPU
		{F8063038-29F8-40E4-B0B4-A18D169D396E}.Release|x64.Build.0 = Release|Any CPU
		{F8063038-29F8-40E4-B0B4-A18D169D396E}.Release|x86.ActiveCfg = Release|Any CPU
		{F8063038-29F8-40E4-B0B4-A18D169D396E}.Release|x86.Build.0 = Release|Any CPU
	EndGlobalSection
EndGlobal
